
Microsoft Visual Studio Solution File, Format Version 12.00
# Visual Studio Version 17
VisualStudioVersion = 17.7.34031.279
MinimumVisualStudioVersion = 10.0.40219.1
Project("{9A19103F-16F7-4668-BE54-9A1E7A4F7556}") = "GROD", "GROD.csproj", "{78914FCC-F67A-4A01-8C14-7B9DFAE5C3A0}"
EndProject
Project("{9A19103F-16F7-4668-BE54-9A1E7A4F7556}") = "TestGrod", "TestGrod\TestGrod.csproj", "{627FB838-F9A8-47D2-A3FA-E7E846DC9C87}"
EndProject
Global
	GlobalSection(SolutionConfigurationPlatforms) = preSolution
		Debug|Any CPU = Debug|Any CPU
		Release|Any CPU = Release|Any CPU
	EndGlobalSection
	GlobalSection(ProjectConfigurationPlatforms) = postSolution
		{78914FCC-F67A-4A01-8C14-7B9DFAE5C3A0}.Debug|Any CPU.ActiveCfg = Debug|Any CPU
		{78914FCC-F67A-4A01-8C14-7B9DFAE5C3A0}.Debug|Any CPU.Build.0 = Debug|Any CPU
		{78914FCC-F67A-4A01-8C14-7B9DFAE5C3A0}.Release|Any CPU.ActiveCfg = Release|Any CPU
		{78914FCC-F67A-4A01-8C14-7B9DFAE5C3A0}.Release|Any CPU.Build.0 = Release|Any CPU
		{627FB838-F9A8-47D2-A3FA-E7E846DC9C87}.Debug|Any CPU.ActiveCfg = Debug|Any CPU
		{627FB838-F9A8-47D2-A3FA-E7E846DC9C87}.Debug|Any CPU.Build.0 = Debug|Any CPU
		{627FB838-F9A8-47D2-A3FA-E7E846DC9C87}.Release|Any CPU.ActiveCfg = Release|Any CPU
		{627FB838-F9A8-47D2-A3FA-E7E846DC9C87}.Release|Any CPU.Build.0 = Release|Any CPU
	EndGlobalSection
	GlobalSection(SolutionProperties) = preSolution
		HideSolutionNode = FALSE
	EndGlobalSection
	GlobalSection(ExtensibilityGlobals) = postSolution
		SolutionGuid = {D916A022-BA12-46CA-8E8C-ACB382CBA8DA}
	EndGlobalSection
EndGlobal
